
Microsoft Visual Studio Solution File, Format Version 12.00
# Visual Studio 15
VisualStudioVersion = 15.0.28010.2050
MinimumVisualStudioVersion = 10.0.40219.1
Project("{9A19103F-16F7-4668-BE54-9A1E7A4F7556}") = "Ez.NLog.Telegram", "Ez.NLog.Telegram/Ez.NLog.Telegram.csproj", "{0AF9F58D-C202-46DD-82F4-C78114E7DB99}"
EndProject
Global
	GlobalSection(SolutionConfigurationPlatforms) = preSolution
		Debug|Any CPU = Debug|Any CPU
		Release|Any CPU = Release|Any CPU
	EndGlobalSection
	GlobalSection(ProjectConfigurationPlatforms) = postSolution
		{0AF9F58D-C202-46DD-82F4-C78114E7DB99}.Debug|Any CPU.ActiveCfg = Debug|Any CPU
		{0AF9F58D-C202-46DD-82F4-C78114E7DB99}.Debug|Any CPU.Build.0 = Debug|Any CPU
		{0AF9F58D-C202-46DD-82F4-C78114E7DB99}.Release|Any CPU.ActiveCfg = Release|Any CPU
		{0AF9F58D-C202-46DD-82F4-C78114E7DB99}.Release|Any CPU.Build.0 = Release|Any CPU
	EndGlobalSection
	GlobalSection(SolutionProperties) = preSolution
		HideSolutionNode = FALSE
	EndGlobalSection
	GlobalSection(ExtensibilityGlobals) = postSolution
		SolutionGuid = {C3F37F70-3AD5-4BD8-A8E6-2600D8272E7C}
	EndGlobalSection
EndGlobal
